
Microsoft Visual Studio Solution File, Format Version 12.00
Project("{FAE04EC0-301F-11D3-BF4B-00C04F79EFBC}") = "DefaultHighlighting", "DefaultHighlighting.csproj", "{96CAD09C-D0E3-4537-A942-C4B4E290E174}"
EndProject
Global
	GlobalSection(SolutionConfigurationPlatforms) = preSolution
		Debug|Any CPU = Debug|Any CPU
		Release|Any CPU = Release|Any CPU
	EndGlobalSection
	GlobalSection(ProjectConfigurationPlatforms) = postSolution
		{96CAD09C-D0E3-4537-A942-C4B4E290E174}.Debug|Any CPU.ActiveCfg = Debug|Any CPU
		{96CAD09C-D0E3-4537-A942-C4B4E290E174}.Debug|Any CPU.Build.0 = Debug|Any CPU
		{96CAD09C-D0E3-4537-A942-C4B4E290E174}.Release|Any CPU.ActiveCfg = Release|Any CPU
		{96CAD09C-D0E3-4537-A942-C4B4E290E174}.Release|Any CPU.Build.0 = Release|Any CPU
	EndGlobalSection
EndGlobal
